
Microsoft Visual Studio Solution File, Format Version 12.00
# Visual Studio Version 16
VisualStudioVersion = 16.0.30320.27
MinimumVisualStudioVersion = 10.0.40219.1
Project("{FAE04EC0-301F-11D3-BF4B-00C04F79EFBC}") = "my_awesome_uwp_project", "my_awesome_uwp_project.csproj", "{FA08113A-8401-4929-8FF1-F35BC9CE7FF9}"
EndProject
Project("{2150E333-8FDC-42A3-9474-1A3956D46DE8}") = "Solution Items", "Solution Items", "{258C009A-60DC-4019-8C2D-A91E5E2CC1CE}"
EndProject
Global
	GlobalSection(SolutionConfigurationPlatforms) = preSolution
		Debug|ARM = Debug|ARM
		Debug|ARM64 = Debug|ARM64
		Debug|x64 = Debug|x64
		Debug|x86 = Debug|x86
		Release|ARM = Release|ARM
		Release|ARM64 = Release|ARM64
		Release|x64 = Release|x64
		Release|x86 = Release|x86
	EndGlobalSection
	GlobalSection(ProjectConfigurationPlatforms) = postSolution
		{FA08113A-8401-4929-8FF1-F35BC9CE7FF9}.Debug|ARM.ActiveCfg = Debug|ARM
		{FA08113A-8401-4929-8FF1-F35BC9CE7FF9}.Debug|ARM.Build.0 = Debug|ARM
		{FA08113A-8401-4929-8FF1-F35BC9CE7FF9}.Debug|ARM.Deploy.0 = Debug|ARM
		{FA08113A-8401-4929-8FF1-F35BC9CE7FF9}.Debug|ARM64.ActiveCfg = Debug|ARM64
		{FA08113A-8401-4929-8FF1-F35BC9CE7FF9}.Debug|ARM64.Build.0 = Debug|ARM64
		{FA08113A-8401-4929-8FF1-F35BC9CE7FF9}.Debug|ARM64.Deploy.0 = Debug|ARM64
		{FA08113A-8401-4929-8FF1-F35BC9CE7FF9}.Debug|x64.ActiveCfg = Debug|x64
		{FA08113A-8401-4929-8FF1-F35BC9CE7FF9}.Debug|x64.Build.0 = Debug|x64
		{FA08113A-8401-4929-8FF1-F35BC9CE7FF9}.Debug|x64.Deploy.0 = Debug|x64
		{FA08113A-8401-4929-8FF1-F35BC9CE7FF9}.Debug|x86.ActiveCfg = Debug|x86
		{FA08113A-8401-4929-8FF1-F35BC9CE7FF9}.Debug|x86.Build.0 = Debug|x86
		{FA08113A-8401-4929-8FF1-F35BC9CE7FF9}.Debug|x86.Deploy.0 = Debug|x86
		{FA08113A-8401-4929-8FF1-F35BC9CE7FF9}.Release|ARM.ActiveCfg = Release|ARM
		{FA08113A-8401-4929-8FF1-F35BC9CE7FF9}.Release|ARM.Build.0 = Release|ARM
		{FA08113A-8401-4929-8FF1-F35BC9CE7FF9}.Release|ARM.Deploy.0 = Release|ARM
		{FA08113A-8401-4929-8FF1-F35BC9CE7FF9}.Release|ARM64.ActiveCfg = Release|ARM64
		{FA08113A-8401-4929-8FF1-F35BC9CE7FF9}.Release|ARM64.Build.0 = Release|ARM64
		{FA08113A-8401-4929-8FF1-F35BC9CE7FF9}.Release|ARM64.Deploy.0 = Release|ARM64
		{FA08113A-8401-4929-8FF1-F35BC9CE7FF9}.Release|x64.ActiveCfg = Release|x64
		{FA08113A-8401-4929-8FF1-F35BC9CE7FF9}.Release|x64.Build.0 = Release|x64
		{FA08113A-8401-4929-8FF1-F35BC9CE7FF9}.Release|x64.Deploy.0 = Release|x64
		{FA08113A-8401-4929-8FF1-F35BC9CE7FF9}.Release|x86.ActiveCfg = Release|x86
		{FA08113A-8401-4929-8FF1-F35BC9CE7FF9}.Release|x86.Build.0 = Release|x86
		{FA08113A-8401-4929-8FF1-F35BC9CE7FF9}.Release|x86.Deploy.0 = Release|x86
	EndGlobalSection
	GlobalSection(SolutionProperties) = preSolution
		HideSolutionNode = FALSE
	EndGlobalSection
	GlobalSection(ExtensibilityGlobals) = postSolution
		SolutionGuid = {CEDAB9C1-B293-46C2-81FE-B7D88E81FAC7}
	EndGlobalSection
EndGlobal
